
Microsoft Visual Studio Solution File, Format Version 12.00
Project("{FAE04EC0-301F-11D3-BF4B-00C04F79EFBC}") = "StudentManagement", "StudentManagement\StudentManagement.csproj", "{10058F85-1667-432E-BB0C-5763250BEB0E}"
EndProject
Global
	GlobalSection(SolutionConfigurationPlatforms) = preSolution
		Debug|Any CPU = Debug|Any CPU
		Release|Any CPU = Release|Any CPU
	EndGlobalSection
	GlobalSection(ProjectConfigurationPlatforms) = postSolution
		{10058F85-1667-432E-BB0C-5763250BEB0E}.Debug|Any CPU.ActiveCfg = Debug|Any CPU
		{10058F85-1667-432E-BB0C-5763250BEB0E}.Debug|Any CPU.Build.0 = Debug|Any CPU
		{10058F85-1667-432E-BB0C-5763250BEB0E}.Release|Any CPU.ActiveCfg = Release|Any CPU
		{10058F85-1667-432E-BB0C-5763250BEB0E}.Release|Any CPU.Build.0 = Release|Any CPU
	EndGlobalSection
EndGlobal
